
Microsoft Visual Studio Solution File, Format Version 12.00
# Visual Studio Version 17
VisualStudioVersion = 17.7.34009.444
MinimumVisualStudioVersion = 10.0.40219.1
Project("{FAE04EC0-301F-11D3-BF4B-00C04F79EFBC}") = "L1Ex3won7", "L1Ex3won7\L1Ex3won7.csproj", "{EDA384F2-26C2-4345-8C01-06C76393D671}"
EndProject
Global
	GlobalSection(SolutionConfigurationPlatforms) = preSolution
		Debug|Any CPU = Debug|Any CPU
		Release|Any CPU = Release|Any CPU
	EndGlobalSection
	GlobalSection(ProjectConfigurationPlatforms) = postSolution
		{EDA384F2-26C2-4345-8C01-06C76393D671}.Debug|Any CPU.ActiveCfg = Debug|Any CPU
		{EDA384F2-26C2-4345-8C01-06C76393D671}.Debug|Any CPU.Build.0 = Debug|Any CPU
		{EDA384F2-26C2-4345-8C01-06C76393D671}.Release|Any CPU.ActiveCfg = Release|Any CPU
		{EDA384F2-26C2-4345-8C01-06C76393D671}.Release|Any CPU.Build.0 = Release|Any CPU
	EndGlobalSection
	GlobalSection(SolutionProperties) = preSolution
		HideSolutionNode = FALSE
	EndGlobalSection
	GlobalSection(ExtensibilityGlobals) = postSolution
		SolutionGuid = {5CD3C169-945B-4CA3-8328-418E3269DF33}
	EndGlobalSection
EndGlobal
